// !$*UTF8*$!
{
	archiveVersion = 1;
	classes = {
	};
	objectVersion = 56;
	objects = {

/* Begin PBXBuildFile section */
		1457AA332A13DADA006E2381 /* AppDelegate.swift in Sources */ = {isa = PBXBuildFile; fileRef = 1457AA322A13DADA006E2381 /* AppDelegate.swift */; };
		1457AA352A13DADA006E2381 /* SceneDelegate.swift in Sources */ = {isa = PBXBuildFile; fileRef = 1457AA342A13DADA006E2381 /* SceneDelegate.swift */; };
		1457AA3A2A13DADA006E2381 /* Main.storyboard in Resources */ = {isa = PBXBuildFile; fileRef = 1457AA382A13DADA006E2381 /* Main.storyboard */; };
		1457AA3C2A13DADE006E2381 /* Assets.xcassets in Resources */ = {isa = PBXBuildFile; fileRef = 1457AA3B2A13DADE006E2381 /* Assets.xcassets */; };
		1457AA3F2A13DADE006E2381 /* LaunchScreen.storyboard in Resources */ = {isa = PBXBuildFile; fileRef = 1457AA3D2A13DADE006E2381 /* LaunchScreen.storyboard */; };
		1457AA4B2A13E152006E2381 /* PostsViewController.swift in Sources */ = {isa = PBXBuildFile; fileRef = 1457AA4A2A13E152006E2381 /* PostsViewController.swift */; };
		1457AA4D2A13E166006E2381 /* PostsViewModel.swift in Sources */ = {isa = PBXBuildFile; fileRef = 1457AA4C2A13E166006E2381 /* PostsViewModel.swift */; };
		1457AA4F2A13E77B006E2381 /* PostViewCell.swift in Sources */ = {isa = PBXBuildFile; fileRef = 1457AA4E2A13E77B006E2381 /* PostViewCell.swift */; };
		1457AA522A152A0D006E2381 /* PostsResponse.swift in Sources */ = {isa = PBXBuildFile; fileRef = 1457AA512A152A0D006E2381 /* PostsResponse.swift */; };
		1457AA552A152BD7006E2381 /* RedditAPIService.swift in Sources */ = {isa = PBXBuildFile; fileRef = 1457AA542A152BD7006E2381 /* RedditAPIService.swift */; };
		DF328749AC762D7438D07B18 /* Pods_RedditTheGrint.framework in Frameworks */ = {isa = PBXBuildFile; fileRef = 42819D449AE45208FB1BD18C /* Pods_RedditTheGrint.framework */; };
/* End PBXBuildFile section */

/* Begin PBXFileReference section */
		1457AA2F2A13DADA006E2381 /* RedditTheGrint.app */ = {isa = PBXFileReference; explicitFileType = wrapper.application; includeInIndex = 0; path = RedditTheGrint.app; sourceTree = BUILT_PRODUCTS_DIR; };
		1457AA322A13DADA006E2381 /* AppDelegate.swift */ = {isa = PBXFileReference; lastKnownFileType = sourcecode.swift; path = AppDelegate.swift; sourceTree = "<group>"; };
		1457AA342A13DADA006E2381 /* SceneDelegate.swift */ = {isa = PBXFileReference; lastKnownFileType = sourcecode.swift; path = SceneDelegate.swift; sourceTree = "<group>"; };
		1457AA392A13DADA006E2381 /* Base */ = {isa = PBXFileReference; lastKnownFileType = file.storyboard; name = Base; path = Base.lproj/Main.storyboard; sourceTree = "<group>"; };
		1457AA3B2A13DADE006E2381 /* Assets.xcassets */ = {isa = PBXFileReference; lastKnownFileType = folder.assetcatalog; path = Assets.xcassets; sourceTree = "<group>"; };
		1457AA3E2A13DADE006E2381 /* Base */ = {isa = PBXFileReference; lastKnownFileType = file.storyboard; name = Base; path = Base.lproj/LaunchScreen.storyboard; sourceTree = "<group>"; };
		1457AA402A13DADE006E2381 /* Info.plist */ = {isa = PBXFileReference; lastKnownFileType = text.plist.xml; path = Info.plist; sourceTree = "<group>"; };
		1457AA462A13DB0D006E2381 /* README.md */ = {isa = PBXFileReference; lastKnownFileType = net.daringfireball.markdown; path = README.md; sourceTree = "<group>"; };
		1457AA472A13DC24006E2381 /* LICENSE */ = {isa = PBXFileReference; lastKnownFileType = text; path = LICENSE; sourceTree = "<group>"; };
		1457AA482A13DD66006E2381 /* Podfile */ = {isa = PBXFileReference; lastKnownFileType = text; path = Podfile; sourceTree = SOURCE_ROOT; };
		1457AA4A2A13E152006E2381 /* PostsViewController.swift */ = {isa = PBXFileReference; lastKnownFileType = sourcecode.swift; path = PostsViewController.swift; sourceTree = "<group>"; };
		1457AA4C2A13E166006E2381 /* PostsViewModel.swift */ = {isa = PBXFileReference; lastKnownFileType = sourcecode.swift; path = PostsViewModel.swift; sourceTree = "<group>"; };
		1457AA4E2A13E77B006E2381 /* PostViewCell.swift */ = {isa = PBXFileReference; lastKnownFileType = sourcecode.swift; path = PostViewCell.swift; sourceTree = "<group>"; };
		1457AA512A152A0D006E2381 /* PostsResponse.swift */ = {isa = PBXFileReference; lastKnownFileType = sourcecode.swift; path = PostsResponse.swift; sourceTree = "<group>"; };
		1457AA542A152BD7006E2381 /* RedditAPIService.swift */ = {isa = PBXFileReference; lastKnownFileType = sourcecode.swift; path = RedditAPIService.swift; sourceTree = "<group>"; };
		42819D449AE45208FB1BD18C /* Pods_RedditTheGrint.framework */ = {isa = PBXFileReference; explicitFileType = wrapper.framework; includeInIndex = 0; path = Pods_RedditTheGrint.framework; sourceTree = BUILT_PRODUCTS_DIR; };
		57C036A5DA46A5A2FF97D2F0 /* Pods-RedditTheGrint.debug.xcconfig */ = {isa = PBXFileReference; includeInIndex = 1; lastKnownFileType = text.xcconfig; name = "Pods-RedditTheGrint.debug.xcconfig"; path = "Target Support Files/Pods-RedditTheGrint/Pods-RedditTheGrint.debug.xcconfig"; sourceTree = "<group>"; };
		A9E9DA06C32FB74D61EA02A0 /* Pods-RedditTheGrint.release.xcconfig */ = {isa = PBXFileReference; includeInIndex = 1; lastKnownFileType = text.xcconfig; name = "Pods-RedditTheGrint.release.xcconfig"; path = "Target Support Files/Pods-RedditTheGrint/Pods-RedditTheGrint.release.xcconfig"; sourceTree = "<group>"; };
/* End PBXFileReference section */

/* Begin PBXFrameworksBuildPhase section */
		1457AA2C2A13DADA006E2381 /* Frameworks */ = {
			isa = PBXFrameworksBuildPhase;
			buildActionMask = 2147483647;
			files = (
				DF328749AC762D7438D07B18 /* Pods_RedditTheGrint.framework in Frameworks */,
			);
			runOnlyForDeploymentPostprocessing = 0;
		};
/* End PBXFrameworksBuildPhase section */

/* Begin PBXGroup section */
		1457AA262A13DADA006E2381 = {
			isa = PBXGroup;
			children = (
				1457AA472A13DC24006E2381 /* LICENSE */,
				1457AA462A13DB0D006E2381 /* README.md */,
				1457AA312A13DADA006E2381 /* RedditTheGrint */,
				1457AA302A13DADA006E2381 /* Products */,
				22AD6783938B6D94C50B26CB /* Pods */,
				8311DB40BE702E307906A9D8 /* Frameworks */,
			);
			sourceTree = "<group>";
		};
		1457AA302A13DADA006E2381 /* Products */ = {
			isa = PBXGroup;
			children = (
				1457AA2F2A13DADA006E2381 /* RedditTheGrint.app */,
			);
			name = Products;
			sourceTree = "<group>";
		};
		1457AA312A13DADA006E2381 /* RedditTheGrint */ = {
			isa = PBXGroup;
			children = (
				1457AA532A152B22006E2381 /* Services */,
				1457AA502A1529FA006E2381 /* Model */,
				1457AA492A13E0AE006E2381 /* Posts */,
				1457AA322A13DADA006E2381 /* AppDelegate.swift */,
				1457AA342A13DADA006E2381 /* SceneDelegate.swift */,
				1457AA382A13DADA006E2381 /* Main.storyboard */,
				1457AA3B2A13DADE006E2381 /* Assets.xcassets */,
				1457AA3D2A13DADE006E2381 /* LaunchScreen.storyboard */,
				1457AA402A13DADE006E2381 /* Info.plist */,
				1457AA482A13DD66006E2381 /* Podfile */,
			);
			path = RedditTheGrint;
			sourceTree = "<group>";
		};
		1457AA492A13E0AE006E2381 /* Posts */ = {
			isa = PBXGroup;
			children = (
				1457AA4A2A13E152006E2381 /* PostsViewController.swift */,
				1457AA4C2A13E166006E2381 /* PostsViewModel.swift */,
				1457AA4E2A13E77B006E2381 /* PostViewCell.swift */,
			);
			path = Posts;
			sourceTree = "<group>";
		};
		1457AA502A1529FA006E2381 /* Model */ = {
			isa = PBXGroup;
			children = (
				1457AA512A152A0D006E2381 /* PostsResponse.swift */,
			);
			path = Model;
			sourceTree = "<group>";
		};
		1457AA532A152B22006E2381 /* Services */ = {
			isa = PBXGroup;
			children = (
				1457AA542A152BD7006E2381 /* RedditAPIService.swift */,
			);
			path = Services;
			sourceTree = "<group>";
		};
		22AD6783938B6D94C50B26CB /* Pods */ = {
			isa = PBXGroup;
			children = (
				57C036A5DA46A5A2FF97D2F0 /* Pods-RedditTheGrint.debug.xcconfig */,
				A9E9DA06C32FB74D61EA02A0 /* Pods-RedditTheGrint.release.xcconfig */,
			);
			path = Pods;
			sourceTree = "<group>";
		};
		8311DB40BE702E307906A9D8 /* Frameworks */ = {
			isa = PBXGroup;
			children = (
				42819D449AE45208FB1BD18C /* Pods_RedditTheGrint.framework */,
			);
			name = Frameworks;
			sourceTree = "<group>";
		};
/* End PBXGroup section */

/* Begin PBXNativeTarget section */
		1457AA2E2A13DADA006E2381 /* RedditTheGrint */ = {
			isa = PBXNativeTarget;
			buildConfigurationList = 1457AA432A13DADE006E2381 /* Build configuration list for PBXNativeTarget "RedditTheGrint" */;
			buildPhases = (
				225036B0C1630C12A66E0D3C /* [CP] Check Pods Manifest.lock */,
				1457AA2B2A13DADA006E2381 /* Sources */,
				1457AA2C2A13DADA006E2381 /* Frameworks */,
				1457AA2D2A13DADA006E2381 /* Resources */,
				0076503F45CBE4EB1298FEA1 /* [CP] Embed Pods Frameworks */,
			);
			buildRules = (
			);
			dependencies = (
			);
			name = RedditTheGrint;
			productName = RedditTheGrint;
			productReference = 1457AA2F2A13DADA006E2381 /* RedditTheGrint.app */;
			productType = "com.apple.product-type.application";
		};
/* End PBXNativeTarget section */

/* Begin PBXProject section */
		1457AA272A13DADA006E2381 /* Project object */ = {
			isa = PBXProject;
			attributes = {
				BuildIndependentTargetsInParallel = 1;
				LastSwiftUpdateCheck = 1420;
				LastUpgradeCheck = 1420;
				TargetAttributes = {
					1457AA2E2A13DADA006E2381 = {
						CreatedOnToolsVersion = 14.2;
					};
				};
			};
			buildConfigurationList = 1457AA2A2A13DADA006E2381 /* Build configuration list for PBXProject "RedditTheGrint" */;
			compatibilityVersion = "Xcode 14.0";
			developmentRegion = en;
			hasScannedForEncodings = 0;
			knownRegions = (
				en,
				Base,
			);
			mainGroup = 1457AA262A13DADA006E2381;
			productRefGroup = 1457AA302A13DADA006E2381 /* Products */;
			projectDirPath = "";
			projectRoot = "";
			targets = (
				1457AA2E2A13DADA006E2381 /* RedditTheGrint */,
			);
		};
/* End PBXProject section */

/* Begin PBXResourcesBuildPhase section */
		1457AA2D2A13DADA006E2381 /* Resources */ = {
			isa = PBXResourcesBuildPhase;
			buildActionMask = 2147483647;
			files = (
				1457AA3F2A13DADE006E2381 /* LaunchScreen.storyboard in Resources */,
				1457AA3C2A13DADE006E2381 /* Assets.xcassets in Resources */,
				1457AA3A2A13DADA006E2381 /* Main.storyboard in Resources */,
			);
			runOnlyForDeploymentPostprocessing = 0;
		};
/* End PBXResourcesBuildPhase section */

/* Begin PBXShellScriptBuildPhase section */
		0076503F45CBE4EB1298FEA1 /* [CP] Embed Pods Frameworks */ = {
			isa = PBXShellScriptBuildPhase;
			buildActionMask = 2147483647;
			files = (
			);
			inputFileListPaths = (
				"${PODS_ROOT}/Target Support Files/Pods-RedditTheGrint/Pods-RedditTheGrint-frameworks-${CONFIGURATION}-input-files.xcfilelist",
			);
			name = "[CP] Embed Pods Frameworks";
			outputFileListPaths = (
				"${PODS_ROOT}/Target Support Files/Pods-RedditTheGrint/Pods-RedditTheGrint-frameworks-${CONFIGURATION}-output-files.xcfilelist",
			);
			runOnlyForDeploymentPostprocessing = 0;
			shellPath = /bin/sh;
			shellScript = "\"${PODS_ROOT}/Target Support Files/Pods-RedditTheGrint/Pods-RedditTheGrint-frameworks.sh\"\n";
			showEnvVarsInLog = 0;
		};
		225036B0C1630C12A66E0D3C /* [CP] Check Pods Manifest.lock */ = {
			isa = PBXShellScriptBuildPhase;
			buildActionMask = 2147483647;
			files = (
			);
			inputFileListPaths = (
			);
			inputPaths = (
				"${PODS_PODFILE_DIR_PATH}/Podfile.lock",
				"${PODS_ROOT}/Manifest.lock",
			);
			name = "[CP] Check Pods Manifest.lock";
			outputFileListPaths = (
			);
			outputPaths = (
				"$(DERIVED_FILE_DIR)/Pods-RedditTheGrint-checkManifestLockResult.txt",
			);
			runOnlyForDeploymentPostprocessing = 0;
			shellPath = /bin/sh;
			shellScript = "diff \"${PODS_PODFILE_DIR_PATH}/Podfile.lock\" \"${PODS_ROOT}/Manifest.lock\" > /dev/null\nif [ $? != 0 ] ; then\n    # print error to STDERR\n    echo \"error: The sandbox is not in sync with the Podfile.lock. Run 'pod install' or update your CocoaPods installation.\" >&2\n    exit 1\nfi\n# This output is used by Xcode 'outputs' to avoid re-running this script phase.\necho \"SUCCESS\" > \"${SCRIPT_OUTPUT_FILE_0}\"\n";
			showEnvVarsInLog = 0;
		};
/* End PBXShellScriptBuildPhase section */

/* Begin PBXSourcesBuildPhase section */
		1457AA2B2A13DADA006E2381 /* Sources */ = {
			isa = PBXSourcesBuildPhase;
			buildActionMask = 2147483647;
			files = (
				1457AA522A152A0D006E2381 /* PostsResponse.swift in Sources */,
				1457AA4F2A13E77B006E2381 /* PostViewCell.swift in Sources */,
				1457AA4B2A13E152006E2381 /* PostsViewController.swift in Sources */,
				1457AA4D2A13E166006E2381 /* PostsViewModel.swift in Sources */,
				1457AA332A13DADA006E2381 /* AppDelegate.swift in Sources */,
				1457AA552A152BD7006E2381 /* RedditAPIService.swift in Sources */,
				1457AA352A13DADA006E2381 /* SceneDelegate.swift in Sources */,
			);
			runOnlyForDeploymentPostprocessing = 0;
		};
/* End PBXSourcesBuildPhase section */

/* Begin PBXVariantGroup section */
		1457AA382A13DADA006E2381 /* Main.storyboard */ = {
			isa = PBXVariantGroup;
			children = (
				1457AA392A13DADA006E2381 /* Base */,
			);
			name = Main.storyboard;
			sourceTree = "<group>";
		};
		1457AA3D2A13DADE006E2381 /* LaunchScreen.storyboard */ = {
			isa = PBXVariantGroup;
			children = (
				1457AA3E2A13DADE006E2381 /* Base */,
			);
			name = LaunchScreen.storyboard;
			sourceTree = "<group>";
		};
/* End PBXVariantGroup section */

/* Begin XCBuildConfiguration section */
		1457AA412A13DADE006E2381 /* Debug */ = {
			isa = XCBuildConfiguration;
			buildSettings = {
				ALWAYS_SEARCH_USER_PATHS = NO;
				CLANG_ANALYZER_NONNULL = YES;
				CLANG_ANALYZER_NUMBER_OBJECT_CONVERSION = YES_AGGRESSIVE;
				CLANG_CXX_LANGUAGE_STANDARD = "gnu++20";
				CLANG_ENABLE_MODULES = YES;
				CLANG_ENABLE_OBJC_ARC = YES;
				CLANG_ENABLE_OBJC_WEAK = YES;
				CLANG_WARN_BLOCK_CAPTURE_AUTORELEASING = YES;
				CLANG_WARN_BOOL_CONVERSION = YES;
				CLANG_WARN_COMMA = YES;
				CLANG_WARN_CONSTANT_CONVERSION = YES;
				CLANG_WARN_DEPRECATED_OBJC_IMPLEMENTATIONS = YES;
				CLANG_WARN_DIRECT_OBJC_ISA_USAGE = YES_ERROR;
				CLANG_WARN_DOCUMENTATION_COMMENTS = YES;
				CLANG_WARN_EMPTY_BODY = YES;
				CLANG_WARN_ENUM_CONVERSION = YES;
				CLANG_WARN_INFINITE_RECURSION = YES;
				CLANG_WARN_INT_CONVERSION = YES;
				CLANG_WARN_NON_LITERAL_NULL_CONVERSION = YES;
				CLANG_WARN_OBJC_IMPLICIT_RETAIN_SELF = YES;
				CLANG_WARN_OBJC_LITERAL_CONVERSION = YES;
				CLANG_WARN_OBJC_ROOT_CLASS = YES_ERROR;
				CLANG_WARN_QUOTED_INCLUDE_IN_FRAMEWORK_HEADER = YES;
				CLANG_WARN_RANGE_LOOP_ANALYSIS = YES;
				CLANG_WARN_STRICT_PROTOTYPES = YES;
				CLANG_WARN_SUSPICIOUS_MOVE = YES;
				CLANG_WARN_UNGUARDED_AVAILABILITY = YES_AGGRESSIVE;
				CLANG_WARN_UNREACHABLE_CODE = YES;
				CLANG_WARN__DUPLICATE_METHOD_MATCH = YES;
				COPY_PHASE_STRIP = NO;
				DEBUG_INFORMATION_FORMAT = dwarf;
				ENABLE_STRICT_OBJC_MSGSEND = YES;
				ENABLE_TESTABILITY = YES;
				GCC_C_LANGUAGE_STANDARD = gnu11;
				GCC_DYNAMIC_NO_PIC = NO;
				GCC_NO_COMMON_BLOCKS = YES;
				GCC_OPTIMIZATION_LEVEL = 0;
				GCC_PREPROCESSOR_DEFINITIONS = (
					"DEBUG=1",
					"$(inherited)",
				);
				GCC_WARN_64_TO_32_BIT_CONVERSION = YES;
				GCC_WARN_ABOUT_RETURN_TYPE = YES_ERROR;
				GCC_WARN_UNDECLARED_SELECTOR = YES;
				GCC_WARN_UNINITIALIZED_AUTOS = YES_AGGRESSIVE;
				GCC_WARN_UNUSED_FUNCTION = YES;
				GCC_WARN_UNUSED_VARIABLE = YES;
				IPHONEOS_DEPLOYMENT_TARGET = 16.2;
				MTL_ENABLE_DEBUG_INFO = INCLUDE_SOURCE;
				MTL_FAST_MATH = YES;
				ONLY_ACTIVE_ARCH = YES;
				SDKROOT = iphoneos;
				SWIFT_ACTIVE_COMPILATION_CONDITIONS = DEBUG;
				SWIFT_OPTIMIZATION_LEVEL = "-Onone";
			};
			name = Debug;
		};
		1457AA422A13DADE006E2381 /* Release */ = {
			isa = XCBuildConfiguration;
			buildSettings = {
				ALWAYS_SEARCH_USER_PATHS = NO;
				CLANG_ANALYZER_NONNULL = YES;
				CLANG_ANALYZER_NUMBER_OBJECT_CONVERSION = YES_AGGRESSIVE;
				CLANG_CXX_LANGUAGE_STANDARD = "gnu++20";
				CLANG_ENABLE_MODULES = YES;
				CLANG_ENABLE_OBJC_ARC = YES;
				CLANG_ENABLE_OBJC_WEAK = YES;
				CLANG_WARN_BLOCK_CAPTURE_AUTORELEASING = YES;
				CLANG_WARN_BOOL_CONVERSION = YES;
				CLANG_WARN_COMMA = YES;
				CLANG_WARN_CONSTANT_CONVERSION = YES;
				CLANG_WARN_DEPRECATED_OBJC_IMPLEMENTATIONS = YES;
				CLANG_WARN_DIRECT_OBJC_ISA_USAGE = YES_ERROR;
				CLANG_WARN_DOCUMENTATION_COMMENTS = YES;
				CLANG_WARN_EMPTY_BODY = YES;
				CLANG_WARN_ENUM_CONVERSION = YES;
				CLANG_WARN_INFINITE_RECURSION = YES;
				CLANG_WARN_INT_CONVERSION = YES;
				CLANG_WARN_NON_LITERAL_NULL_CONVERSION = YES;
				CLANG_WARN_OBJC_IMPLICIT_RETAIN_SELF = YES;
				CLANG_WARN_OBJC_LITERAL_CONVERSION = YES;
				CLANG_WARN_OBJC_ROOT_CLASS = YES_ERROR;
				CLANG_WARN_QUOTED_INCLUDE_IN_FRAMEWORK_HEADER = YES;
				CLANG_WARN_RANGE_LOOP_ANALYSIS = YES;
				CLANG_WARN_STRICT_PROTOTYPES = YES;
				CLANG_WARN_SUSPICIOUS_MOVE = YES;
				CLANG_WARN_UNGUARDED_AVAILABILITY = YES_AGGRESSIVE;
				CLANG_WARN_UNREACHABLE_CODE = YES;
				CLANG_WARN__DUPLICATE_METHOD_MATCH = YES;
				COPY_PHASE_STRIP = NO;
				DEBUG_INFORMATION_FORMAT = "dwarf-with-dsym";
				ENABLE_NS_ASSERTIONS = NO;
				ENABLE_STRICT_OBJC_MSGSEND = YES;
				GCC_C_LANGUAGE_STANDARD = gnu11;
				GCC_NO_COMMON_BLOCKS = YES;
				GCC_WARN_64_TO_32_BIT_CONVERSION = YES;
				GCC_WARN_ABOUT_RETURN_TYPE = YES_ERROR;
				GCC_WARN_UNDECLARED_SELECTOR = YES;
				GCC_WARN_UNINITIALIZED_AUTOS = YES_AGGRESSIVE;
				GCC_WARN_UNUSED_FUNCTION = YES;
				GCC_WARN_UNUSED_VARIABLE = YES;
				IPHONEOS_DEPLOYMENT_TARGET = 16.2;
				MTL_ENABLE_DEBUG_INFO = NO;
				MTL_FAST_MATH = YES;
				SDKROOT = iphoneos;
				SWIFT_COMPILATION_MODE = wholemodule;
				SWIFT_OPTIMIZATION_LEVEL = "-O";
				VALIDATE_PRODUCT = YES;
			};
			name = Release;
		};
		1457AA442A13DADE006E2381 /* Debug */ = {
			isa = XCBuildConfiguration;
			baseConfigurationReference = 57C036A5DA46A5A2FF97D2F0 /* Pods-RedditTheGrint.debug.xcconfig */;
			buildSettings = {
				ASSETCATALOG_COMPILER_APPICON_NAME = AppIcon;
				ASSETCATALOG_COMPILER_GLOBAL_ACCENT_COLOR_NAME = AccentColor;
				CODE_SIGN_STYLE = Automatic;
				CURRENT_PROJECT_VERSION = 1;
				GENERATE_INFOPLIST_FILE = YES;
				INFOPLIST_FILE = RedditTheGrint/Info.plist;
				INFOPLIST_KEY_LSApplicationCategoryType = "public.app-category.social-networking";
				INFOPLIST_KEY_UIApplicationSupportsIndirectInputEvents = YES;
				INFOPLIST_KEY_UILaunchStoryboardName = LaunchScreen;
				INFOPLIST_KEY_UIMainStoryboardFile = Main;
				INFOPLIST_KEY_UISupportedInterfaceOrientations_iPad = "UIInterfaceOrientationPortrait UIInterfaceOrientationPortraitUpsideDown UIInterfaceOrientationLandscapeLeft UIInterfaceOrientationLandscapeRight";
				INFOPLIST_KEY_UISupportedInterfaceOrientations_iPhone = "UIInterfaceOrientationPortrait UIInterfaceOrientationLandscapeLeft UIInterfaceOrientationLandscapeRight";
				LD_RUNPATH_SEARCH_PATHS = (
					"$(inherited)",
					"@executable_path/Frameworks",
				);
				MARKETING_VERSION = 0.1;
				PRODUCT_BUNDLE_IDENTIFIER = org.arbridev.RedditTheGrint;
				PRODUCT_NAME = "$(TARGET_NAME)";
				SWIFT_EMIT_LOC_STRINGS = YES;
				SWIFT_VERSION = 5.0;
				TARGETED_DEVICE_FAMILY = "1,2";
			};
			name = Debug;
		};
		1457AA452A13DADE006E2381 /* Release */ = {
			isa = XCBuildConfiguration;
			baseConfigurationReference = A9E9DA06C32FB74D61EA02A0 /* Pods-RedditTheGrint.release.xcconfig */;
			buildSettings = {
				ASSETCATALOG_COMPILER_APPICON_NAME = AppIcon;
				ASSETCATALOG_COMPILER_GLOBAL_ACCENT_COLOR_NAME = AccentColor;
				CODE_SIGN_STYLE = Automatic;
				CURRENT_PROJECT_VERSION = 1;
				GENERATE_INFOPLIST_FILE = YES;
				INFOPLIST_FILE = RedditTheGrint/Info.plist;
				INFOPLIST_KEY_LSApplicationCategoryType = "public.app-category.social-networking";
				INFOPLIST_KEY_UIApplicationSupportsIndirectInputEvents = YES;
				INFOPLIST_KEY_UILaunchStoryboardName = LaunchScreen;
				INFOPLIST_KEY_UIMainStoryboardFile = Main;
				INFOPLIST_KEY_UISupportedInterfaceOrientations_iPad = "UIInterfaceOrientationPortrait UIInterfaceOrientationPortraitUpsideDown UIInterfaceOrientationLandscapeLeft UIInterfaceOrientationLandscapeRight";
				INFOPLIST_KEY_UISupportedInterfaceOrientations_iPhone = "UIInterfaceOrientationPortrait UIInterfaceOrientationLandscapeLeft UIInterfaceOrientationLandscapeRight";
				LD_RUNPATH_SEARCH_PATHS = (
					"$(inherited)",
					"@executable_path/Frameworks",
				);
				MARKETING_VERSION = 0.1;
				PRODUCT_BUNDLE_IDENTIFIER = org.arbridev.RedditTheGrint;
				PRODUCT_NAME = "$(TARGET_NAME)";
				SWIFT_EMIT_LOC_STRINGS = YES;
				SWIFT_VERSION = 5.0;
				TARGETED_DEVICE_FAMILY = "1,2";
			};
			name = Release;
		};
/* End XCBuildConfiguration section */

/* Begin XCConfigurationList section */
		1457AA2A2A13DADA006E2381 /* Build configuration list for PBXProject "RedditTheGrint" */ = {
			isa = XCConfigurationList;
			buildConfigurations = (
				1457AA412A13DADE006E2381 /* Debug */,
				1457AA422A13DADE006E2381 /* Release */,
			);
			defaultConfigurationIsVisible = 0;
			defaultConfigurationName = Release;
		};
		1457AA432A13DADE006E2381 /* Build configuration list for PBXNativeTarget "RedditTheGrint" */ = {
			isa = XCConfigurationList;
			buildConfigurations = (
				1457AA442A13DADE006E2381 /* Debug */,
				1457AA452A13DADE006E2381 /* Release */,
			);
			defaultConfigurationIsVisible = 0;
			defaultConfigurationName = Release;
		};
/* End XCConfigurationList section */
	};
	rootObject = 1457AA272A13DADA006E2381 /* Project object */;
}
